
Microsoft Visual Studio Solution File, Format Version 12.00
# Visual Studio 15
VisualStudioVersion = 15.0.28307.102
MinimumVisualStudioVersion = 10.0.40219.1
Project("{FAE04EC0-301F-11D3-BF4B-00C04F79EFBC}") = "LC101Winter_School", "LC101Winter_School\LC101Winter_School.csproj", "{45DA37FB-3428-4D39-99BB-F0258D470FD7}"
EndProject
Global
	GlobalSection(SolutionConfigurationPlatforms) = preSolution
		Debug|Any CPU = Debug|Any CPU
		Release|Any CPU = Release|Any CPU
	EndGlobalSection
	GlobalSection(ProjectConfigurationPlatforms) = postSolution
		{45DA37FB-3428-4D39-99BB-F0258D470FD7}.Debug|Any CPU.ActiveCfg = Debug|Any CPU
		{45DA37FB-3428-4D39-99BB-F0258D470FD7}.Debug|Any CPU.Build.0 = Debug|Any CPU
		{45DA37FB-3428-4D39-99BB-F0258D470FD7}.Release|Any CPU.ActiveCfg = Release|Any CPU
		{45DA37FB-3428-4D39-99BB-F0258D470FD7}.Release|Any CPU.Build.0 = Release|Any CPU
	EndGlobalSection
	GlobalSection(SolutionProperties) = preSolution
		HideSolutionNode = FALSE
	EndGlobalSection
	GlobalSection(ExtensibilityGlobals) = postSolution
		SolutionGuid = {F29EC220-D00D-455C-BFED-8FF70299E4C9}
	EndGlobalSection
EndGlobal
